
Microsoft Visual Studio Solution File, Format Version 12.00
# Visual Studio 14
VisualStudioVersion = 14.0.23107.0
MinimumVisualStudioVersion = 10.0.40219.1
Project("{FAE04EC0-301F-11D3-BF4B-00C04F79EFBC}") = "HelloWcf", "HelloWcf\HelloWcf.csproj", "{96933CB5-37E9-4840-ACFC-ECC4154C1DF9}"
EndProject
Project("{FAE04EC0-301F-11D3-BF4B-00C04F79EFBC}") = "HelloWCFClient", "HelloWCFClient\HelloWCFClient.csproj", "{31507297-2FC9-46AB-AC87-70FFF8B2FCB8}"
	ProjectSection(ProjectDependencies) = postProject
		{96933CB5-37E9-4840-ACFC-ECC4154C1DF9} = {96933CB5-37E9-4840-ACFC-ECC4154C1DF9}
	EndProjectSection
EndProject
Global
	GlobalSection(SolutionConfigurationPlatforms) = preSolution
		Debug|Any CPU = Debug|Any CPU
		Release|Any CPU = Release|Any CPU
	EndGlobalSection
	GlobalSection(ProjectConfigurationPlatforms) = postSolution
		{96933CB5-37E9-4840-ACFC-ECC4154C1DF9}.Debug|Any CPU.ActiveCfg = Debug|Any CPU
		{96933CB5-37E9-4840-ACFC-ECC4154C1DF9}.Debug|Any CPU.Build.0 = Debug|Any CPU
		{96933CB5-37E9-4840-ACFC-ECC4154C1DF9}.Release|Any CPU.ActiveCfg = Release|Any CPU
		{96933CB5-37E9-4840-ACFC-ECC4154C1DF9}.Release|Any CPU.Build.0 = Release|Any CPU
		{31507297-2FC9-46AB-AC87-70FFF8B2FCB8}.Debug|Any CPU.ActiveCfg = Debug|Any CPU
		{31507297-2FC9-46AB-AC87-70FFF8B2FCB8}.Debug|Any CPU.Build.0 = Debug|Any CPU
		{31507297-2FC9-46AB-AC87-70FFF8B2FCB8}.Release|Any CPU.ActiveCfg = Release|Any CPU
		{31507297-2FC9-46AB-AC87-70FFF8B2FCB8}.Release|Any CPU.Build.0 = Release|Any CPU
	EndGlobalSection
	GlobalSection(SolutionProperties) = preSolution
		HideSolutionNode = FALSE
	EndGlobalSection
EndGlobal
